{
  "nodes": {
    "nixpkgs": {
      "locked": {
        "lastModified": 1675223717,
        "narHash": "sha256-a5r0pZI1YGUI65HrIpne6OHBsxVFrYegaLBUhy/xpfo=",
        "owner": "NixOS",
        "repo": "nixpkgs",
        "rev": "ec55817f850128a94be9ddbaadd004f350896a54",
        "type": "github"
      },
      "original": {
        "owner": "NixOS",
        "repo": "nixpkgs",
        "type": "github"
      }
    },
    "root": {
      "inputs": {
        "nixpkgs": "nixpkgs",
        "unstable": "unstable"
      }
    },
    "unstable": {
      "locked": {
        "lastModified": 1680213900,
        "narHash": "sha256-cIDr5WZIj3EkKyCgj/6j3HBH4Jj1W296z7HTcWj1aMA=",
        "owner": "NixOS",
        "repo": "nixpkgs",
        "rev": "e3652e0735fbec227f342712f180f4f21f0594f2",
        "type": "github"
      },
      "original": {
        "id": "nixpkgs",
        "ref": "nixos-unstable",
        "type": "indirect"
      }
    }
  },
  "root": "root",
  "version": 7
}
