{
  "nodes": {
    "nixpkgs": {
      "locked": {
        "lastModified": 1675223717,
        "narHash": "sha256-a5r0pZI1YGUI65HrIpne6OHBsxVFrYegaLBUhy/xpfo=",
        "owner": "NixOS",
        "repo": "nixpkgs",
        "rev": "ec55817f850128a94be9ddbaadd004f350896a54",
        "type": "github"
      },
      "original": {
        "owner": "NixOS",
        "repo": "nixpkgs",
        "type": "github"
      }
    },
    "root": {
      "inputs": {
        "nixpkgs": "nixpkgs"
      }
    }
  },
  "root": "root",
  "version": 7
}
