{
  "nodes": {
    "nixpkgs": {
      "locked": {
        "lastModified": 1680563709,
        "narHash": "sha256-LGpKkHJpTXO5KQJm3MM/LYPJygTFHsY1NYHwWr0f+RQ=",
        "owner": "NixOS",
        "repo": "nixpkgs",
        "rev": "3c56307f5af977171353afcc52ece4be9873ece8",
        "type": "github"
      },
      "original": {
        "owner": "NixOS",
        "repo": "nixpkgs",
        "type": "github"
      }
    },
    "root": {
      "inputs": {
        "nixpkgs": "nixpkgs"
      }
    }
  },
  "root": "root",
  "version": 7
}
